<?xml version="1.0" encoding="utf-8"?>
<Project ToolsVersion="4.0" xmlns="http://schemas.microsoft.com/developer/msbuild/2003">
  <ItemGroup>
    <Filter Include="Header Files">
      <UniqueIdentifier>{93995380-89BD-4b04-88EB-625FBE52EBFB}</UniqueIdentifier>
      <Extensions>h;hpp;hxx;hm;inl;inc;xsd</Extensions>
    </Filter>
    <Filter Include="Source Files">
      <UniqueIdentifier>{4FC737F1-C7A5-4376-A066-2A32D752A2FF}</UniqueIdentifier>
      <Extensions>cpp;c;cxx;def;odl;idl;hpj;bat;asm;asmx</Extensions>
    </Filter>
    <Filter Include="Resource Files">
      <UniqueIdentifier>{6d3be647-edb6-43e6-a7eb-3031a2c7b655}</UniqueIdentifier>
    </Filter>
    <Filter Include="common">
      <UniqueIdentifier>{d91d2376-f71a-4f12-9589-8c2aa87aa171}</UniqueIdentifier>
    </Filter>
  </ItemGroup>
  <ItemGroup>
    <ClInclude Include="cmdlineparser.h">
      <Filter>Header Files</Filter>
    </ClInclude>
    <ClInclude Include="tscexecutor.h">
      <Filter>Header Files</Filter>
    </ClInclude>
    <ClInclude Include="tscthreadexecutor.h">
      <Filter>Header Files</Filter>
    </ClInclude>
    <ClInclude Include="..\common\filelister.h">
      <Filter>common</Filter>
    </ClInclude>
    <ClInclude Include="..\common\path.h">
      <Filter>common</Filter>
    </ClInclude>
    <ClInclude Include="..\common\pathmatch.h">
      <Filter>common</Filter>
    </ClInclude>
    <ClInclude Include="..\common\filedepend.h">
      <Filter>common</Filter>
    </ClInclude>
    <ClInclude Include="..\common\config.h">
      <Filter>common</Filter>
    </ClInclude>
    <ClInclude Include="..\common\crashhelp.h">
      <Filter>common</Filter>
    </ClInclude>
  </ItemGroup>
  <ItemGroup>
    <ClCompile Include="main.cpp">
      <Filter>Source Files</Filter>
    </ClCompile>
    <ClCompile Include="cmdlineparser.cpp">
      <Filter>Source Files</Filter>
    </ClCompile>
    <ClCompile Include="tscthreadexecutor.cpp">
      <Filter>Source Files</Filter>
    </ClCompile>
    <ClCompile Include="..\common\filelister.cpp">
      <Filter>common</Filter>
    </ClCompile>
    <ClCompile Include="..\common\pathmatch.cpp">
      <Filter>common</Filter>
    </ClCompile>
    <ClCompile Include="..\common\filedepend.cpp">
      <Filter>common</Filter>
    </ClCompile>
    <ClCompile Include="..\common\crashhelp.cpp">
      <Filter>common</Filter>
    </ClCompile>
    <ClCompile Include="tscexecutor.cpp">
      <Filter>Source Files</Filter>
    </ClCompile>
  </ItemGroup>
  <ItemGroup>
    <ResourceCompile Include="version.rc">
      <Filter>Resource Files</Filter>
    </ResourceCompile>
  </ItemGroup>
</Project>
